
Microsoft Visual Studio Solution File, Format Version 12.00
# Visual Studio Version 17
VisualStudioVersion = 17.0.32014.148
MinimumVisualStudioVersion = 10.0.40219.1
Project("{FAE04EC0-301F-11D3-BF4B-00C04F79EFBC}") = "LogAggregator5", "LogAggregator5\LogAggregator5.csproj", "{296EB964-3803-4060-BD97-274C97669E33}"
EndProject
Global
	GlobalSection(SolutionConfigurationPlatforms) = preSolution
		Debug|Any CPU = Debug|Any CPU
		Release|Any CPU = Release|Any CPU
	EndGlobalSection
	GlobalSection(ProjectConfigurationPlatforms) = postSolution
		{296EB964-3803-4060-BD97-274C97669E33}.Debug|Any CPU.ActiveCfg = Debug|Any CPU
		{296EB964-3803-4060-BD97-274C97669E33}.Debug|Any CPU.Build.0 = Debug|Any CPU
		{296EB964-3803-4060-BD97-274C97669E33}.Release|Any CPU.ActiveCfg = Release|Any CPU
		{296EB964-3803-4060-BD97-274C97669E33}.Release|Any CPU.Build.0 = Release|Any CPU
	EndGlobalSection
	GlobalSection(SolutionProperties) = preSolution
		HideSolutionNode = FALSE
	EndGlobalSection
	GlobalSection(ExtensibilityGlobals) = postSolution
		SolutionGuid = {651025BC-DE0A-4965-82A8-6F285E38D9A3}
	EndGlobalSection
EndGlobal
